
Microsoft Visual Studio Solution File, Format Version 12.00
# Visual Studio 15
VisualStudioVersion = 15.0.28307.852
MinimumVisualStudioVersion = 10.0.40219.1
Project("{FAE04EC0-301F-11D3-BF4B-00C04F79EFBC}") = "1Lab", "1Lab\1Lab.csproj", "{70B5E15C-5790-4055-8558-08771738B648}"
EndProject
Project("{2150E333-8FDC-42A3-9474-1A3956D46DE8}") = "Solution Items", "Solution Items", "{BD2393BD-56DE-4755-8756-ACD83F08F090}"
EndProject
Global
	GlobalSection(SolutionConfigurationPlatforms) = preSolution
		Debug|Any CPU = Debug|Any CPU
		Release|Any CPU = Release|Any CPU
	EndGlobalSection
	GlobalSection(ProjectConfigurationPlatforms) = postSolution
		{70B5E15C-5790-4055-8558-08771738B648}.Debug|Any CPU.ActiveCfg = Debug|Any CPU
		{70B5E15C-5790-4055-8558-08771738B648}.Debug|Any CPU.Build.0 = Debug|Any CPU
		{70B5E15C-5790-4055-8558-08771738B648}.Release|Any CPU.ActiveCfg = Release|Any CPU
		{70B5E15C-5790-4055-8558-08771738B648}.Release|Any CPU.Build.0 = Release|Any CPU
	EndGlobalSection
	GlobalSection(SolutionProperties) = preSolution
		HideSolutionNode = FALSE
	EndGlobalSection
	GlobalSection(ExtensibilityGlobals) = postSolution
		SolutionGuid = {7FB995D1-C4D0-4E49-B1F1-7550988CFF8F}
	EndGlobalSection
EndGlobal
